
Microsoft Visual Studio Solution File, Format Version 12.00
# Visual Studio Version 17
VisualStudioVersion = 17.8.34525.116
MinimumVisualStudioVersion = 10.0.40219.1
Project("{FAE04EC0-301F-11D3-BF4B-00C04F79EFBC}") = "day01", "day01\day01.csproj", "{912C7A14-131C-4E6E-A9D5-DD9A5A204EDF}"
EndProject
Project("{FAE04EC0-301F-11D3-BF4B-00C04F79EFBC}") = "day02", "day02\day02.csproj", "{09D97F19-FA98-4C5B-AA45-B61116DE06EB}"
EndProject
Project("{FAE04EC0-301F-11D3-BF4B-00C04F79EFBC}") = "day03", "day03\day03.csproj", "{1C57C565-4195-4CA4-9015-C10E7105FC99}"
EndProject
Project("{FAE04EC0-301F-11D3-BF4B-00C04F79EFBC}") = "day04", "day04\day04.csproj", "{C126F4F3-F312-4438-90A4-F12675296A0F}"
EndProject
Project("{FAE04EC0-301F-11D3-BF4B-00C04F79EFBC}") = "day05", "day05\day05.csproj", "{D79F8148-C6C5-42EA-88E9-263A6818CEBE}"
EndProject
Project("{FAE04EC0-301F-11D3-BF4B-00C04F79EFBC}") = "day06", "day06\day06.csproj", "{C8D38C7E-1E43-463E-93F6-6A3EB436A3D0}"
EndProject
Project("{FAE04EC0-301F-11D3-BF4B-00C04F79EFBC}") = "day07", "day07\day07.csproj", "{B1BC9C8B-6F80-49D0-B38F-B4B08B96C21D}"
EndProject
Project("{FAE04EC0-301F-11D3-BF4B-00C04F79EFBC}") = "day08", "day08\day08.csproj", "{268A168A-0B3B-4C92-945F-6E77DBFAEC0D}"
EndProject
Project("{FAE04EC0-301F-11D3-BF4B-00C04F79EFBC}") = "day09", "day09\day09.csproj", "{CD531FD8-A8BD-403C-BE32-49ECB234B9B7}"
EndProject
Project("{FAE04EC0-301F-11D3-BF4B-00C04F79EFBC}") = "day10", "day10\day10.csproj", "{DA09264B-5D89-48D6-969A-1E5602EAFE93}"
EndProject
Project("{FAE04EC0-301F-11D3-BF4B-00C04F79EFBC}") = "day11", "day11\day11.csproj", "{BBB644B5-67A5-4A83-A0A4-4FDC0B9E4DDA}"
EndProject
Global
	GlobalSection(SolutionConfigurationPlatforms) = preSolution
		Debug|Any CPU = Debug|Any CPU
		Release|Any CPU = Release|Any CPU
	EndGlobalSection
	GlobalSection(ProjectConfigurationPlatforms) = postSolution
		{912C7A14-131C-4E6E-A9D5-DD9A5A204EDF}.Debug|Any CPU.ActiveCfg = Debug|Any CPU
		{912C7A14-131C-4E6E-A9D5-DD9A5A204EDF}.Debug|Any CPU.Build.0 = Debug|Any CPU
		{912C7A14-131C-4E6E-A9D5-DD9A5A204EDF}.Release|Any CPU.ActiveCfg = Release|Any CPU
		{912C7A14-131C-4E6E-A9D5-DD9A5A204EDF}.Release|Any CPU.Build.0 = Release|Any CPU
		{09D97F19-FA98-4C5B-AA45-B61116DE06EB}.Debug|Any CPU.ActiveCfg = Debug|Any CPU
		{09D97F19-FA98-4C5B-AA45-B61116DE06EB}.Debug|Any CPU.Build.0 = Debug|Any CPU
		{09D97F19-FA98-4C5B-AA45-B61116DE06EB}.Release|Any CPU.ActiveCfg = Release|Any CPU
		{09D97F19-FA98-4C5B-AA45-B61116DE06EB}.Release|Any CPU.Build.0 = Release|Any CPU
		{1C57C565-4195-4CA4-9015-C10E7105FC99}.Debug|Any CPU.ActiveCfg = Debug|Any CPU
		{1C57C565-4195-4CA4-9015-C10E7105FC99}.Debug|Any CPU.Build.0 = Debug|Any CPU
		{1C57C565-4195-4CA4-9015-C10E7105FC99}.Release|Any CPU.ActiveCfg = Release|Any CPU
		{1C57C565-4195-4CA4-9015-C10E7105FC99}.Release|Any CPU.Build.0 = Release|Any CPU
		{C126F4F3-F312-4438-90A4-F12675296A0F}.Debug|Any CPU.ActiveCfg = Debug|Any CPU
		{C126F4F3-F312-4438-90A4-F12675296A0F}.Debug|Any CPU.Build.0 = Debug|Any CPU
		{C126F4F3-F312-4438-90A4-F12675296A0F}.Release|Any CPU.ActiveCfg = Release|Any CPU
		{C126F4F3-F312-4438-90A4-F12675296A0F}.Release|Any CPU.Build.0 = Release|Any CPU
		{D79F8148-C6C5-42EA-88E9-263A6818CEBE}.Debug|Any CPU.ActiveCfg = Debug|Any CPU
		{D79F8148-C6C5-42EA-88E9-263A6818CEBE}.Debug|Any CPU.Build.0 = Debug|Any CPU
		{D79F8148-C6C5-42EA-88E9-263A6818CEBE}.Release|Any CPU.ActiveCfg = Release|Any CPU
		{D79F8148-C6C5-42EA-88E9-263A6818CEBE}.Release|Any CPU.Build.0 = Release|Any CPU
		{C8D38C7E-1E43-463E-93F6-6A3EB436A3D0}.Debug|Any CPU.ActiveCfg = Debug|Any CPU
		{C8D38C7E-1E43-463E-93F6-6A3EB436A3D0}.Debug|Any CPU.Build.0 = Debug|Any CPU
		{C8D38C7E-1E43-463E-93F6-6A3EB436A3D0}.Release|Any CPU.ActiveCfg = Release|Any CPU
		{C8D38C7E-1E43-463E-93F6-6A3EB436A3D0}.Release|Any CPU.Build.0 = Release|Any CPU
		{B1BC9C8B-6F80-49D0-B38F-B4B08B96C21D}.Debug|Any CPU.ActiveCfg = Debug|Any CPU
		{B1BC9C8B-6F80-49D0-B38F-B4B08B96C21D}.Debug|Any CPU.Build.0 = Debug|Any CPU
		{B1BC9C8B-6F80-49D0-B38F-B4B08B96C21D}.Release|Any CPU.ActiveCfg = Release|Any CPU
		{B1BC9C8B-6F80-49D0-B38F-B4B08B96C21D}.Release|Any CPU.Build.0 = Release|Any CPU
		{268A168A-0B3B-4C92-945F-6E77DBFAEC0D}.Debug|Any CPU.ActiveCfg = Debug|Any CPU
		{268A168A-0B3B-4C92-945F-6E77DBFAEC0D}.Debug|Any CPU.Build.0 = Debug|Any CPU
		{268A168A-0B3B-4C92-945F-6E77DBFAEC0D}.Release|Any CPU.ActiveCfg = Release|Any CPU
		{268A168A-0B3B-4C92-945F-6E77DBFAEC0D}.Release|Any CPU.Build.0 = Release|Any CPU
		{CD531FD8-A8BD-403C-BE32-49ECB234B9B7}.Debug|Any CPU.ActiveCfg = Debug|Any CPU
		{CD531FD8-A8BD-403C-BE32-49ECB234B9B7}.Debug|Any CPU.Build.0 = Debug|Any CPU
		{CD531FD8-A8BD-403C-BE32-49ECB234B9B7}.Release|Any CPU.ActiveCfg = Release|Any CPU
		{CD531FD8-A8BD-403C-BE32-49ECB234B9B7}.Release|Any CPU.Build.0 = Release|Any CPU
		{DA09264B-5D89-48D6-969A-1E5602EAFE93}.Debug|Any CPU.ActiveCfg = Debug|Any CPU
		{DA09264B-5D89-48D6-969A-1E5602EAFE93}.Debug|Any CPU.Build.0 = Debug|Any CPU
		{DA09264B-5D89-48D6-969A-1E5602EAFE93}.Release|Any CPU.ActiveCfg = Release|Any CPU
		{DA09264B-5D89-48D6-969A-1E5602EAFE93}.Release|Any CPU.Build.0 = Release|Any CPU
		{BBB644B5-67A5-4A83-A0A4-4FDC0B9E4DDA}.Debug|Any CPU.ActiveCfg = Debug|Any CPU
		{BBB644B5-67A5-4A83-A0A4-4FDC0B9E4DDA}.Debug|Any CPU.Build.0 = Debug|Any CPU
		{BBB644B5-67A5-4A83-A0A4-4FDC0B9E4DDA}.Release|Any CPU.ActiveCfg = Release|Any CPU
		{BBB644B5-67A5-4A83-A0A4-4FDC0B9E4DDA}.Release|Any CPU.Build.0 = Release|Any CPU
	EndGlobalSection
	GlobalSection(SolutionProperties) = preSolution
		HideSolutionNode = FALSE
	EndGlobalSection
	GlobalSection(ExtensibilityGlobals) = postSolution
		SolutionGuid = {D356255A-93C6-4A40-9E95-B5A0218AE386}
	EndGlobalSection
EndGlobal
