
Microsoft Visual Studio Solution File, Format Version 12.00
# Visual Studio Version 17
VisualStudioVersion = 17.8.34330.188
MinimumVisualStudioVersion = 10.0.40219.1
Project("{8BC9CEB8-8B4A-11D0-8D11-00A0C91BC942}") = "day01", "day01\day01.vcxproj", "{F62A3B71-2B15-48B8-9219-C09B76A57A5C}"
EndProject
Project("{8BC9CEB8-8B4A-11D0-8D11-00A0C91BC942}") = "day02", "day02\day02.vcxproj", "{817594EC-2C5E-4663-A9D9-FFF16B9AE2FF}"
EndProject
Project("{8BC9CEB8-8B4A-11D0-8D11-00A0C91BC942}") = "day03", "day03\day03.vcxproj", "{66D81A83-EE75-4B36-A4A0-ED1F49B86B1B}"
EndProject
Project("{8BC9CEB8-8B4A-11D0-8D11-00A0C91BC942}") = "day04", "day04\day04.vcxproj", "{2B7FC31A-BA6A-4C8A-A954-3059D22F437E}"
EndProject
Project("{8BC9CEB8-8B4A-11D0-8D11-00A0C91BC942}") = "day05", "day05\day05.vcxproj", "{FDFA95E5-C04D-44DB-9349-5D82BD146ACC}"
EndProject
Project("{8BC9CEB8-8B4A-11D0-8D11-00A0C91BC942}") = "day06", "day06\day06.vcxproj", "{61780129-5984-4A05-B213-551B4E3FBFCC}"
EndProject
Project("{8BC9CEB8-8B4A-11D0-8D11-00A0C91BC942}") = "day07", "day07\day07.vcxproj", "{7669AFED-7A95-410D-AC98-E4E1772123F6}"
EndProject
Project("{8BC9CEB8-8B4A-11D0-8D11-00A0C91BC942}") = "day08", "day08\day08.vcxproj", "{60663E64-6D24-41BA-B216-21D4663F7C46}"
EndProject
Project("{8BC9CEB8-8B4A-11D0-8D11-00A0C91BC942}") = "day09", "day09\day09.vcxproj", "{A0314BDD-43C4-4CF0-BDCA-0EF667D78BD9}"
EndProject
Project("{8BC9CEB8-8B4A-11D0-8D11-00A0C91BC942}") = "day10", "day10\day10.vcxproj", "{E2429D83-774C-40E7-9F2A-1676B48EB0F6}"
EndProject
Project("{8BC9CEB8-8B4A-11D0-8D11-00A0C91BC942}") = "day11", "day11\day11.vcxproj", "{2DDEFF17-1ED0-4B74-9938-0010ACC66002}"
EndProject
Project("{8BC9CEB8-8B4A-11D0-8D11-00A0C91BC942}") = "day12", "day12\day12.vcxproj", "{536D7A8E-B3FB-471F-806C-02E80DE08A82}"
EndProject
Project("{8BC9CEB8-8B4A-11D0-8D11-00A0C91BC942}") = "day13", "day13\day13.vcxproj", "{FAFE7C6D-A31D-494F-9301-C592E3659FA5}"
EndProject
Project("{8BC9CEB8-8B4A-11D0-8D11-00A0C91BC942}") = "day14", "day14\day14.vcxproj", "{AF0C4AB6-A2E5-4230-957B-74E5D79110F3}"
EndProject
Project("{8BC9CEB8-8B4A-11D0-8D11-00A0C91BC942}") = "day15", "day15\day15.vcxproj", "{DC9455BC-E58A-45C9-B454-5290139AC48A}"
EndProject
Project("{8BC9CEB8-8B4A-11D0-8D11-00A0C91BC942}") = "day16", "day16\day16.vcxproj", "{FF9FB1A2-525E-4F3D-9A37-2C4719656CD6}"
EndProject
Project("{8BC9CEB8-8B4A-11D0-8D11-00A0C91BC942}") = "day17", "day17\day17.vcxproj", "{A564A0E6-AC67-4A2E-B343-40B3194302E5}"
EndProject
Project("{8BC9CEB8-8B4A-11D0-8D11-00A0C91BC942}") = "day18", "day18\day18.vcxproj", "{2E928A42-92A8-493C-B401-EFC394DC85B9}"
EndProject
Project("{8BC9CEB8-8B4A-11D0-8D11-00A0C91BC942}") = "day19", "day19\day19.vcxproj", "{87C350D8-4625-4F1B-B7B3-9EEE062A7291}"
EndProject
Global
	GlobalSection(SolutionConfigurationPlatforms) = preSolution
		Debug|x64 = Debug|x64
		Debug|x86 = Debug|x86
		Release|x64 = Release|x64
		Release|x86 = Release|x86
	EndGlobalSection
	GlobalSection(ProjectConfigurationPlatforms) = postSolution
		{F62A3B71-2B15-48B8-9219-C09B76A57A5C}.Debug|x64.ActiveCfg = Debug|x64
		{F62A3B71-2B15-48B8-9219-C09B76A57A5C}.Debug|x64.Build.0 = Debug|x64
		{F62A3B71-2B15-48B8-9219-C09B76A57A5C}.Debug|x86.ActiveCfg = Debug|Win32
		{F62A3B71-2B15-48B8-9219-C09B76A57A5C}.Debug|x86.Build.0 = Debug|Win32
		{F62A3B71-2B15-48B8-9219-C09B76A57A5C}.Release|x64.ActiveCfg = Release|x64
		{F62A3B71-2B15-48B8-9219-C09B76A57A5C}.Release|x64.Build.0 = Release|x64
		{F62A3B71-2B15-48B8-9219-C09B76A57A5C}.Release|x86.ActiveCfg = Release|Win32
		{F62A3B71-2B15-48B8-9219-C09B76A57A5C}.Release|x86.Build.0 = Release|Win32
		{817594EC-2C5E-4663-A9D9-FFF16B9AE2FF}.Debug|x64.ActiveCfg = Debug|x64
		{817594EC-2C5E-4663-A9D9-FFF16B9AE2FF}.Debug|x64.Build.0 = Debug|x64
		{817594EC-2C5E-4663-A9D9-FFF16B9AE2FF}.Debug|x86.ActiveCfg = Debug|Win32
		{817594EC-2C5E-4663-A9D9-FFF16B9AE2FF}.Debug|x86.Build.0 = Debug|Win32
		{817594EC-2C5E-4663-A9D9-FFF16B9AE2FF}.Release|x64.ActiveCfg = Release|x64
		{817594EC-2C5E-4663-A9D9-FFF16B9AE2FF}.Release|x64.Build.0 = Release|x64
		{817594EC-2C5E-4663-A9D9-FFF16B9AE2FF}.Release|x86.ActiveCfg = Release|Win32
		{817594EC-2C5E-4663-A9D9-FFF16B9AE2FF}.Release|x86.Build.0 = Release|Win32
		{66D81A83-EE75-4B36-A4A0-ED1F49B86B1B}.Debug|x64.ActiveCfg = Debug|x64
		{66D81A83-EE75-4B36-A4A0-ED1F49B86B1B}.Debug|x64.Build.0 = Debug|x64
		{66D81A83-EE75-4B36-A4A0-ED1F49B86B1B}.Debug|x86.ActiveCfg = Debug|Win32
		{66D81A83-EE75-4B36-A4A0-ED1F49B86B1B}.Debug|x86.Build.0 = Debug|Win32
		{66D81A83-EE75-4B36-A4A0-ED1F49B86B1B}.Release|x64.ActiveCfg = Release|x64
		{66D81A83-EE75-4B36-A4A0-ED1F49B86B1B}.Release|x64.Build.0 = Release|x64
		{66D81A83-EE75-4B36-A4A0-ED1F49B86B1B}.Release|x86.ActiveCfg = Release|Win32
		{66D81A83-EE75-4B36-A4A0-ED1F49B86B1B}.Release|x86.Build.0 = Release|Win32
		{2B7FC31A-BA6A-4C8A-A954-3059D22F437E}.Debug|x64.ActiveCfg = Debug|x64
		{2B7FC31A-BA6A-4C8A-A954-3059D22F437E}.Debug|x64.Build.0 = Debug|x64
		{2B7FC31A-BA6A-4C8A-A954-3059D22F437E}.Debug|x86.ActiveCfg = Debug|Win32
		{2B7FC31A-BA6A-4C8A-A954-3059D22F437E}.Debug|x86.Build.0 = Debug|Win32
		{2B7FC31A-BA6A-4C8A-A954-3059D22F437E}.Release|x64.ActiveCfg = Release|x64
		{2B7FC31A-BA6A-4C8A-A954-3059D22F437E}.Release|x64.Build.0 = Release|x64
		{2B7FC31A-BA6A-4C8A-A954-3059D22F437E}.Release|x86.ActiveCfg = Release|Win32
		{2B7FC31A-BA6A-4C8A-A954-3059D22F437E}.Release|x86.Build.0 = Release|Win32
		{FDFA95E5-C04D-44DB-9349-5D82BD146ACC}.Debug|x64.ActiveCfg = Debug|x64
		{FDFA95E5-C04D-44DB-9349-5D82BD146ACC}.Debug|x64.Build.0 = Debug|x64
		{FDFA95E5-C04D-44DB-9349-5D82BD146ACC}.Debug|x86.ActiveCfg = Debug|Win32
		{FDFA95E5-C04D-44DB-9349-5D82BD146ACC}.Debug|x86.Build.0 = Debug|Win32
		{FDFA95E5-C04D-44DB-9349-5D82BD146ACC}.Release|x64.ActiveCfg = Release|x64
		{FDFA95E5-C04D-44DB-9349-5D82BD146ACC}.Release|x64.Build.0 = Release|x64
		{FDFA95E5-C04D-44DB-9349-5D82BD146ACC}.Release|x86.ActiveCfg = Release|Win32
		{FDFA95E5-C04D-44DB-9349-5D82BD146ACC}.Release|x86.Build.0 = Release|Win32
		{61780129-5984-4A05-B213-551B4E3FBFCC}.Debug|x64.ActiveCfg = Debug|x64
		{61780129-5984-4A05-B213-551B4E3FBFCC}.Debug|x64.Build.0 = Debug|x64
		{61780129-5984-4A05-B213-551B4E3FBFCC}.Debug|x86.ActiveCfg = Debug|Win32
		{61780129-5984-4A05-B213-551B4E3FBFCC}.Debug|x86.Build.0 = Debug|Win32
		{61780129-5984-4A05-B213-551B4E3FBFCC}.Release|x64.ActiveCfg = Release|x64
		{61780129-5984-4A05-B213-551B4E3FBFCC}.Release|x64.Build.0 = Release|x64
		{61780129-5984-4A05-B213-551B4E3FBFCC}.Release|x86.ActiveCfg = Release|Win32
		{61780129-5984-4A05-B213-551B4E3FBFCC}.Release|x86.Build.0 = Release|Win32
		{7669AFED-7A95-410D-AC98-E4E1772123F6}.Debug|x64.ActiveCfg = Debug|x64
		{7669AFED-7A95-410D-AC98-E4E1772123F6}.Debug|x64.Build.0 = Debug|x64
		{7669AFED-7A95-410D-AC98-E4E1772123F6}.Debug|x86.ActiveCfg = Debug|Win32
		{7669AFED-7A95-410D-AC98-E4E1772123F6}.Debug|x86.Build.0 = Debug|Win32
		{7669AFED-7A95-410D-AC98-E4E1772123F6}.Release|x64.ActiveCfg = Release|x64
		{7669AFED-7A95-410D-AC98-E4E1772123F6}.Release|x64.Build.0 = Release|x64
		{7669AFED-7A95-410D-AC98-E4E1772123F6}.Release|x86.ActiveCfg = Release|Win32
		{7669AFED-7A95-410D-AC98-E4E1772123F6}.Release|x86.Build.0 = Release|Win32
		{60663E64-6D24-41BA-B216-21D4663F7C46}.Debug|x64.ActiveCfg = Debug|x64
		{60663E64-6D24-41BA-B216-21D4663F7C46}.Debug|x64.Build.0 = Debug|x64
		{60663E64-6D24-41BA-B216-21D4663F7C46}.Debug|x86.ActiveCfg = Debug|Win32
		{60663E64-6D24-41BA-B216-21D4663F7C46}.Debug|x86.Build.0 = Debug|Win32
		{60663E64-6D24-41BA-B216-21D4663F7C46}.Release|x64.ActiveCfg = Release|x64
		{60663E64-6D24-41BA-B216-21D4663F7C46}.Release|x64.Build.0 = Release|x64
		{60663E64-6D24-41BA-B216-21D4663F7C46}.Release|x86.ActiveCfg = Release|Win32
		{60663E64-6D24-41BA-B216-21D4663F7C46}.Release|x86.Build.0 = Release|Win32
		{A0314BDD-43C4-4CF0-BDCA-0EF667D78BD9}.Debug|x64.ActiveCfg = Debug|x64
		{A0314BDD-43C4-4CF0-BDCA-0EF667D78BD9}.Debug|x64.Build.0 = Debug|x64
		{A0314BDD-43C4-4CF0-BDCA-0EF667D78BD9}.Debug|x86.ActiveCfg = Debug|Win32
		{A0314BDD-43C4-4CF0-BDCA-0EF667D78BD9}.Debug|x86.Build.0 = Debug|Win32
		{A0314BDD-43C4-4CF0-BDCA-0EF667D78BD9}.Release|x64.ActiveCfg = Release|x64
		{A0314BDD-43C4-4CF0-BDCA-0EF667D78BD9}.Release|x64.Build.0 = Release|x64
		{A0314BDD-43C4-4CF0-BDCA-0EF667D78BD9}.Release|x86.ActiveCfg = Release|Win32
		{A0314BDD-43C4-4CF0-BDCA-0EF667D78BD9}.Release|x86.Build.0 = Release|Win32
		{E2429D83-774C-40E7-9F2A-1676B48EB0F6}.Debug|x64.ActiveCfg = Debug|x64
		{E2429D83-774C-40E7-9F2A-1676B48EB0F6}.Debug|x64.Build.0 = Debug|x64
		{E2429D83-774C-40E7-9F2A-1676B48EB0F6}.Debug|x86.ActiveCfg = Debug|Win32
		{E2429D83-774C-40E7-9F2A-1676B48EB0F6}.Debug|x86.Build.0 = Debug|Win32
		{E2429D83-774C-40E7-9F2A-1676B48EB0F6}.Release|x64.ActiveCfg = Release|x64
		{E2429D83-774C-40E7-9F2A-1676B48EB0F6}.Release|x64.Build.0 = Release|x64
		{E2429D83-774C-40E7-9F2A-1676B48EB0F6}.Release|x86.ActiveCfg = Release|Win32
		{E2429D83-774C-40E7-9F2A-1676B48EB0F6}.Release|x86.Build.0 = Release|Win32
		{2DDEFF17-1ED0-4B74-9938-0010ACC66002}.Debug|x64.ActiveCfg = Debug|x64
		{2DDEFF17-1ED0-4B74-9938-0010ACC66002}.Debug|x64.Build.0 = Debug|x64
		{2DDEFF17-1ED0-4B74-9938-0010ACC66002}.Debug|x86.ActiveCfg = Debug|Win32
		{2DDEFF17-1ED0-4B74-9938-0010ACC66002}.Debug|x86.Build.0 = Debug|Win32
		{2DDEFF17-1ED0-4B74-9938-0010ACC66002}.Release|x64.ActiveCfg = Release|x64
		{2DDEFF17-1ED0-4B74-9938-0010ACC66002}.Release|x64.Build.0 = Release|x64
		{2DDEFF17-1ED0-4B74-9938-0010ACC66002}.Release|x86.ActiveCfg = Release|Win32
		{2DDEFF17-1ED0-4B74-9938-0010ACC66002}.Release|x86.Build.0 = Release|Win32
		{536D7A8E-B3FB-471F-806C-02E80DE08A82}.Debug|x64.ActiveCfg = Debug|x64
		{536D7A8E-B3FB-471F-806C-02E80DE08A82}.Debug|x64.Build.0 = Debug|x64
		{536D7A8E-B3FB-471F-806C-02E80DE08A82}.Debug|x86.ActiveCfg = Debug|Win32
		{536D7A8E-B3FB-471F-806C-02E80DE08A82}.Debug|x86.Build.0 = Debug|Win32
		{536D7A8E-B3FB-471F-806C-02E80DE08A82}.Release|x64.ActiveCfg = Release|x64
		{536D7A8E-B3FB-471F-806C-02E80DE08A82}.Release|x64.Build.0 = Release|x64
		{536D7A8E-B3FB-471F-806C-02E80DE08A82}.Release|x86.ActiveCfg = Release|Win32
		{536D7A8E-B3FB-471F-806C-02E80DE08A82}.Release|x86.Build.0 = Release|Win32
		{FAFE7C6D-A31D-494F-9301-C592E3659FA5}.Debug|x64.ActiveCfg = Debug|x64
		{FAFE7C6D-A31D-494F-9301-C592E3659FA5}.Debug|x64.Build.0 = Debug|x64
		{FAFE7C6D-A31D-494F-9301-C592E3659FA5}.Debug|x86.ActiveCfg = Debug|Win32
		{FAFE7C6D-A31D-494F-9301-C592E3659FA5}.Debug|x86.Build.0 = Debug|Win32
		{FAFE7C6D-A31D-494F-9301-C592E3659FA5}.Release|x64.ActiveCfg = Release|x64
		{FAFE7C6D-A31D-494F-9301-C592E3659FA5}.Release|x64.Build.0 = Release|x64
		{FAFE7C6D-A31D-494F-9301-C592E3659FA5}.Release|x86.ActiveCfg = Release|Win32
		{FAFE7C6D-A31D-494F-9301-C592E3659FA5}.Release|x86.Build.0 = Release|Win32
		{AF0C4AB6-A2E5-4230-957B-74E5D79110F3}.Debug|x64.ActiveCfg = Debug|x64
		{AF0C4AB6-A2E5-4230-957B-74E5D79110F3}.Debug|x64.Build.0 = Debug|x64
		{AF0C4AB6-A2E5-4230-957B-74E5D79110F3}.Debug|x86.ActiveCfg = Debug|Win32
		{AF0C4AB6-A2E5-4230-957B-74E5D79110F3}.Debug|x86.Build.0 = Debug|Win32
		{AF0C4AB6-A2E5-4230-957B-74E5D79110F3}.Release|x64.ActiveCfg = Release|x64
		{AF0C4AB6-A2E5-4230-957B-74E5D79110F3}.Release|x64.Build.0 = Release|x64
		{AF0C4AB6-A2E5-4230-957B-74E5D79110F3}.Release|x86.ActiveCfg = Release|Win32
		{AF0C4AB6-A2E5-4230-957B-74E5D79110F3}.Release|x86.Build.0 = Release|Win32
		{DC9455BC-E58A-45C9-B454-5290139AC48A}.Debug|x64.ActiveCfg = Debug|x64
		{DC9455BC-E58A-45C9-B454-5290139AC48A}.Debug|x64.Build.0 = Debug|x64
		{DC9455BC-E58A-45C9-B454-5290139AC48A}.Debug|x86.ActiveCfg = Debug|Win32
		{DC9455BC-E58A-45C9-B454-5290139AC48A}.Debug|x86.Build.0 = Debug|Win32
		{DC9455BC-E58A-45C9-B454-5290139AC48A}.Release|x64.ActiveCfg = Release|x64
		{DC9455BC-E58A-45C9-B454-5290139AC48A}.Release|x64.Build.0 = Release|x64
		{DC9455BC-E58A-45C9-B454-5290139AC48A}.Release|x86.ActiveCfg = Release|Win32
		{DC9455BC-E58A-45C9-B454-5290139AC48A}.Release|x86.Build.0 = Release|Win32
		{FF9FB1A2-525E-4F3D-9A37-2C4719656CD6}.Debug|x64.ActiveCfg = Debug|x64
		{FF9FB1A2-525E-4F3D-9A37-2C4719656CD6}.Debug|x64.Build.0 = Debug|x64
		{FF9FB1A2-525E-4F3D-9A37-2C4719656CD6}.Debug|x86.ActiveCfg = Debug|Win32
		{FF9FB1A2-525E-4F3D-9A37-2C4719656CD6}.Debug|x86.Build.0 = Debug|Win32
		{FF9FB1A2-525E-4F3D-9A37-2C4719656CD6}.Release|x64.ActiveCfg = Release|x64
		{FF9FB1A2-525E-4F3D-9A37-2C4719656CD6}.Release|x64.Build.0 = Release|x64
		{FF9FB1A2-525E-4F3D-9A37-2C4719656CD6}.Release|x86.ActiveCfg = Release|Win32
		{FF9FB1A2-525E-4F3D-9A37-2C4719656CD6}.Release|x86.Build.0 = Release|Win32
		{A564A0E6-AC67-4A2E-B343-40B3194302E5}.Debug|x64.ActiveCfg = Debug|x64
		{A564A0E6-AC67-4A2E-B343-40B3194302E5}.Debug|x64.Build.0 = Debug|x64
		{A564A0E6-AC67-4A2E-B343-40B3194302E5}.Debug|x86.ActiveCfg = Debug|Win32
		{A564A0E6-AC67-4A2E-B343-40B3194302E5}.Debug|x86.Build.0 = Debug|Win32
		{A564A0E6-AC67-4A2E-B343-40B3194302E5}.Release|x64.ActiveCfg = Release|x64
		{A564A0E6-AC67-4A2E-B343-40B3194302E5}.Release|x64.Build.0 = Release|x64
		{A564A0E6-AC67-4A2E-B343-40B3194302E5}.Release|x86.ActiveCfg = Release|Win32
		{A564A0E6-AC67-4A2E-B343-40B3194302E5}.Release|x86.Build.0 = Release|Win32
		{2E928A42-92A8-493C-B401-EFC394DC85B9}.Debug|x64.ActiveCfg = Debug|x64
		{2E928A42-92A8-493C-B401-EFC394DC85B9}.Debug|x64.Build.0 = Debug|x64
		{2E928A42-92A8-493C-B401-EFC394DC85B9}.Debug|x86.ActiveCfg = Debug|Win32
		{2E928A42-92A8-493C-B401-EFC394DC85B9}.Debug|x86.Build.0 = Debug|Win32
		{2E928A42-92A8-493C-B401-EFC394DC85B9}.Release|x64.ActiveCfg = Release|x64
		{2E928A42-92A8-493C-B401-EFC394DC85B9}.Release|x64.Build.0 = Release|x64
		{2E928A42-92A8-493C-B401-EFC394DC85B9}.Release|x86.ActiveCfg = Release|Win32
		{2E928A42-92A8-493C-B401-EFC394DC85B9}.Release|x86.Build.0 = Release|Win32
		{87C350D8-4625-4F1B-B7B3-9EEE062A7291}.Debug|x64.ActiveCfg = Debug|x64
		{87C350D8-4625-4F1B-B7B3-9EEE062A7291}.Debug|x64.Build.0 = Debug|x64
		{87C350D8-4625-4F1B-B7B3-9EEE062A7291}.Debug|x86.ActiveCfg = Debug|Win32
		{87C350D8-4625-4F1B-B7B3-9EEE062A7291}.Debug|x86.Build.0 = Debug|Win32
		{87C350D8-4625-4F1B-B7B3-9EEE062A7291}.Release|x64.ActiveCfg = Release|x64
		{87C350D8-4625-4F1B-B7B3-9EEE062A7291}.Release|x64.Build.0 = Release|x64
		{87C350D8-4625-4F1B-B7B3-9EEE062A7291}.Release|x86.ActiveCfg = Release|Win32
		{87C350D8-4625-4F1B-B7B3-9EEE062A7291}.Release|x86.Build.0 = Release|Win32
	EndGlobalSection
	GlobalSection(SolutionProperties) = preSolution
		HideSolutionNode = FALSE
	EndGlobalSection
	GlobalSection(ExtensibilityGlobals) = postSolution
		SolutionGuid = {54E5AFEE-5AE7-48D4-BBBE-D6476FB9477F}
	EndGlobalSection
EndGlobal
